// !$*UTF8*$!
{
	archiveVersion = 1;
	classes = {
	};
	objectVersion = 50;
	objects = {

/* Begin PBXBuildFile section */
		3C8DF8E825DD1EE6000A0F79 /* SpendingTrackerApp.swift in Sources */ = {isa = PBXBuildFile; fileRef = 3C8DF8E725DD1EE6000A0F79 /* SpendingTrackerApp.swift */; };
		3C8DF8EA25DD1EE6000A0F79 /* ContentView.swift in Sources */ = {isa = PBXBuildFile; fileRef = 3C8DF8E925DD1EE6000A0F79 /* ContentView.swift */; };
		3C8DF8EC25DD1EEA000A0F79 /* Assets.xcassets in Resources */ = {isa = PBXBuildFile; fileRef = 3C8DF8EB25DD1EEA000A0F79 /* Assets.xcassets */; };
		3C8DF8EF25DD1EEA000A0F79 /* Preview Assets.xcassets in Resources */ = {isa = PBXBuildFile; fileRef = 3C8DF8EE25DD1EEA000A0F79 /* Preview Assets.xcassets */; };
		3C8DF8F125DD1EEA000A0F79 /* Persistence.swift in Sources */ = {isa = PBXBuildFile; fileRef = 3C8DF8F025DD1EEA000A0F79 /* Persistence.swift */; };
		3C8DF8F425DD1EEA000A0F79 /* SpendingTracker.xcdatamodeld in Sources */ = {isa = PBXBuildFile; fileRef = 3C8DF8F225DD1EEA000A0F79 /* SpendingTracker.xcdatamodeld */; };
/* End PBXBuildFile section */

/* Begin PBXFileReference section */
		3C8DF8E425DD1EE6000A0F79 /* SpendingTracker.app */ = {isa = PBXFileReference; explicitFileType = wrapper.application; includeInIndex = 0; path = SpendingTracker.app; sourceTree = BUILT_PRODUCTS_DIR; };
		3C8DF8E725DD1EE6000A0F79 /* SpendingTrackerApp.swift */ = {isa = PBXFileReference; lastKnownFileType = sourcecode.swift; path = SpendingTrackerApp.swift; sourceTree = "<group>"; };
		3C8DF8E925DD1EE6000A0F79 /* ContentView.swift */ = {isa = PBXFileReference; lastKnownFileType = sourcecode.swift; path = ContentView.swift; sourceTree = "<group>"; };
		3C8DF8EB25DD1EEA000A0F79 /* Assets.xcassets */ = {isa = PBXFileReference; lastKnownFileType = folder.assetcatalog; path = Assets.xcassets; sourceTree = "<group>"; };
		3C8DF8EE25DD1EEA000A0F79 /* Preview Assets.xcassets */ = {isa = PBXFileReference; lastKnownFileType = folder.assetcatalog; path = "Preview Assets.xcassets"; sourceTree = "<group>"; };
		3C8DF8F025DD1EEA000A0F79 /* Persistence.swift */ = {isa = PBXFileReference; lastKnownFileType = sourcecode.swift; path = Persistence.swift; sourceTree = "<group>"; };
		3C8DF8F325DD1EEA000A0F79 /* SpendingTracker.xcdatamodel */ = {isa = PBXFileReference; lastKnownFileType = wrapper.xcdatamodel; path = SpendingTracker.xcdatamodel; sourceTree = "<group>"; };
		3C8DF8F525DD1EEA000A0F79 /* Info.plist */ = {isa = PBXFileReference; lastKnownFileType = text.plist.xml; path = Info.plist; sourceTree = "<group>"; };
/* End PBXFileReference section */

/* Begin PBXFrameworksBuildPhase section */
		3C8DF8E125DD1EE6000A0F79 /* Frameworks */ = {
			isa = PBXFrameworksBuildPhase;
			buildActionMask = 2147483647;
			files = (
			);
			runOnlyForDeploymentPostprocessing = 0;
		};
/* End PBXFrameworksBuildPhase section */

/* Begin PBXGroup section */
		3C8DF8DB25DD1EE6000A0F79 = {
			isa = PBXGroup;
			children = (
				3C8DF8E625DD1EE6000A0F79 /* SpendingTracker */,
				3C8DF8E525DD1EE6000A0F79 /* Products */,
			);
			sourceTree = "<group>";
		};
		3C8DF8E525DD1EE6000A0F79 /* Products */ = {
			isa = PBXGroup;
			children = (
				3C8DF8E425DD1EE6000A0F79 /* SpendingTracker.app */,
			);
			name = Products;
			sourceTree = "<group>";
		};
		3C8DF8E625DD1EE6000A0F79 /* SpendingTracker */ = {
			isa = PBXGroup;
			children = (
				3C8DF8E725DD1EE6000A0F79 /* SpendingTrackerApp.swift */,
				3C8DF8E925DD1EE6000A0F79 /* ContentView.swift */,
				3C8DF8EB25DD1EEA000A0F79 /* Assets.xcassets */,
				3C8DF8F025DD1EEA000A0F79 /* Persistence.swift */,
				3C8DF8F525DD1EEA000A0F79 /* Info.plist */,
				3C8DF8F225DD1EEA000A0F79 /* SpendingTracker.xcdatamodeld */,
				3C8DF8ED25DD1EEA000A0F79 /* Preview Content */,
			);
			path = SpendingTracker;
			sourceTree = "<group>";
		};
		3C8DF8ED25DD1EEA000A0F79 /* Preview Content */ = {
			isa = PBXGroup;
			children = (
				3C8DF8EE25DD1EEA000A0F79 /* Preview Assets.xcassets */,
			);
			path = "Preview Content";
			sourceTree = "<group>";
		};
/* End PBXGroup section */

/* Begin PBXNativeTarget section */
		3C8DF8E325DD1EE6000A0F79 /* SpendingTracker */ = {
			isa = PBXNativeTarget;
			buildConfigurationList = 3C8DF8F825DD1EEA000A0F79 /* Build configuration list for PBXNativeTarget "SpendingTracker" */;
			buildPhases = (
				3C8DF8E025DD1EE6000A0F79 /* Sources */,
				3C8DF8E125DD1EE6000A0F79 /* Frameworks */,
				3C8DF8E225DD1EE6000A0F79 /* Resources */,
			);
			buildRules = (
			);
			dependencies = (
			);
			name = SpendingTracker;
			productName = SpendingTracker;
			productReference = 3C8DF8E425DD1EE6000A0F79 /* SpendingTracker.app */;
			productType = "com.apple.product-type.application";
		};
/* End PBXNativeTarget section */

/* Begin PBXProject section */
		3C8DF8DC25DD1EE6000A0F79 /* Project object */ = {
			isa = PBXProject;
			attributes = {
				LastSwiftUpdateCheck = 1230;
				LastUpgradeCheck = 1230;
				TargetAttributes = {
					3C8DF8E325DD1EE6000A0F79 = {
						CreatedOnToolsVersion = 12.3;
					};
				};
			};
			buildConfigurationList = 3C8DF8DF25DD1EE6000A0F79 /* Build configuration list for PBXProject "SpendingTracker" */;
			compatibilityVersion = "Xcode 9.3";
			developmentRegion = en;
			hasScannedForEncodings = 0;
			knownRegions = (
				en,
				Base,
			);
			mainGroup = 3C8DF8DB25DD1EE6000A0F79;
			productRefGroup = 3C8DF8E525DD1EE6000A0F79 /* Products */;
			projectDirPath = "";
			projectRoot = "";
			targets = (
				3C8DF8E325DD1EE6000A0F79 /* SpendingTracker */,
			);
		};
/* End PBXProject section */

/* Begin PBXResourcesBuildPhase section */
		3C8DF8E225DD1EE6000A0F79 /* Resources */ = {
			isa = PBXResourcesBuildPhase;
			buildActionMask = 2147483647;
			files = (
				3C8DF8EF25DD1EEA000A0F79 /* Preview Assets.xcassets in Resources */,
				3C8DF8EC25DD1EEA000A0F79 /* Assets.xcassets in Resources */,
			);
			runOnlyForDeploymentPostprocessing = 0;
		};
/* End PBXResourcesBuildPhase section */

/* Begin PBXSourcesBuildPhase section */
		3C8DF8E025DD1EE6000A0F79 /* Sources */ = {
			isa = PBXSourcesBuildPhase;
			buildActionMask = 2147483647;
			files = (
				3C8DF8F425DD1EEA000A0F79 /* SpendingTracker.xcdatamodeld in Sources */,
				3C8DF8F125DD1EEA000A0F79 /* Persistence.swift in Sources */,
				3C8DF8EA25DD1EE6000A0F79 /* ContentView.swift in Sources */,
				3C8DF8E825DD1EE6000A0F79 /* SpendingTrackerApp.swift in Sources */,
			);
			runOnlyForDeploymentPostprocessing = 0;
		};
/* End PBXSourcesBuildPhase section */

/* Begin XCBuildConfiguration section */
		3C8DF8F625DD1EEA000A0F79 /* Debug */ = {
			isa = XCBuildConfiguration;
			buildSettings = {
				ALWAYS_SEARCH_USER_PATHS = NO;
				CLANG_ANALYZER_NONNULL = YES;
				CLANG_ANALYZER_NUMBER_OBJECT_CONVERSION = YES_AGGRESSIVE;
				CLANG_CXX_LANGUAGE_STANDARD = "gnu++14";
				CLANG_CXX_LIBRARY = "libc++";
				CLANG_ENABLE_MODULES = YES;
				CLANG_ENABLE_OBJC_ARC = YES;
				CLANG_ENABLE_OBJC_WEAK = YES;
				CLANG_WARN_BLOCK_CAPTURE_AUTORELEASING = YES;
				CLANG_WARN_BOOL_CONVERSION = YES;
				CLANG_WARN_COMMA = YES;
				CLANG_WARN_CONSTANT_CONVERSION = YES;
				CLANG_WARN_DEPRECATED_OBJC_IMPLEMENTATIONS = YES;
				CLANG_WARN_DIRECT_OBJC_ISA_USAGE = YES_ERROR;
				CLANG_WARN_DOCUMENTATION_COMMENTS = YES;
				CLANG_WARN_EMPTY_BODY = YES;
				CLANG_WARN_ENUM_CONVERSION = YES;
				CLANG_WARN_INFINITE_RECURSION = YES;
				CLANG_WARN_INT_CONVERSION = YES;
				CLANG_WARN_NON_LITERAL_NULL_CONVERSION = YES;
				CLANG_WARN_OBJC_IMPLICIT_RETAIN_SELF = YES;
				CLANG_WARN_OBJC_LITERAL_CONVERSION = YES;
				CLANG_WARN_OBJC_ROOT_CLASS = YES_ERROR;
				CLANG_WARN_QUOTED_INCLUDE_IN_FRAMEWORK_HEADER = YES;
				CLANG_WARN_RANGE_LOOP_ANALYSIS = YES;
				CLANG_WARN_STRICT_PROTOTYPES = YES;
				CLANG_WARN_SUSPICIOUS_MOVE = YES;
				CLANG_WARN_UNGUARDED_AVAILABILITY = YES_AGGRESSIVE;
				CLANG_WARN_UNREACHABLE_CODE = YES;
				CLANG_WARN__DUPLICATE_METHOD_MATCH = YES;
				COPY_PHASE_STRIP = NO;
				DEBUG_INFORMATION_FORMAT = dwarf;
				ENABLE_STRICT_OBJC_MSGSEND = YES;
				ENABLE_TESTABILITY = YES;
				GCC_C_LANGUAGE_STANDARD = gnu11;
				GCC_DYNAMIC_NO_PIC = NO;
				GCC_NO_COMMON_BLOCKS = YES;
				GCC_OPTIMIZATION_LEVEL = 0;
				GCC_PREPROCESSOR_DEFINITIONS = (
					"DEBUG=1",
					"$(inherited)",
				);
				GCC_WARN_64_TO_32_BIT_CONVERSION = YES;
				GCC_WARN_ABOUT_RETURN_TYPE = YES_ERROR;
				GCC_WARN_UNDECLARED_SELECTOR = YES;
				GCC_WARN_UNINITIALIZED_AUTOS = YES_AGGRESSIVE;
				GCC_WARN_UNUSED_FUNCTION = YES;
				GCC_WARN_UNUSED_VARIABLE = YES;
				IPHONEOS_DEPLOYMENT_TARGET = 14.3;
				MTL_ENABLE_DEBUG_INFO = INCLUDE_SOURCE;
				MTL_FAST_MATH = YES;
				ONLY_ACTIVE_ARCH = YES;
				SDKROOT = iphoneos;
				SWIFT_ACTIVE_COMPILATION_CONDITIONS = DEBUG;
				SWIFT_OPTIMIZATION_LEVEL = "-Onone";
			};
			name = Debug;
		};
		3C8DF8F725DD1EEA000A0F79 /* Release */ = {
			isa = XCBuildConfiguration;
			buildSettings = {
				ALWAYS_SEARCH_USER_PATHS = NO;
				CLANG_ANALYZER_NONNULL = YES;
				CLANG_ANALYZER_NUMBER_OBJECT_CONVERSION = YES_AGGRESSIVE;
				CLANG_CXX_LANGUAGE_STANDARD = "gnu++14";
				CLANG_CXX_LIBRARY = "libc++";
				CLANG_ENABLE_MODULES = YES;
				CLANG_ENABLE_OBJC_ARC = YES;
				CLANG_ENABLE_OBJC_WEAK = YES;
				CLANG_WARN_BLOCK_CAPTURE_AUTORELEASING = YES;
				CLANG_WARN_BOOL_CONVERSION = YES;
				CLANG_WARN_COMMA = YES;
				CLANG_WARN_CONSTANT_CONVERSION = YES;
				CLANG_WARN_DEPRECATED_OBJC_IMPLEMENTATIONS = YES;
				CLANG_WARN_DIRECT_OBJC_ISA_USAGE = YES_ERROR;
				CLANG_WARN_DOCUMENTATION_COMMENTS = YES;
				CLANG_WARN_EMPTY_BODY = YES;
				CLANG_WARN_ENUM_CONVERSION = YES;
				CLANG_WARN_INFINITE_RECURSION = YES;
				CLANG_WARN_INT_CONVERSION = YES;
				CLANG_WARN_NON_LITERAL_NULL_CONVERSION = YES;
				CLANG_WARN_OBJC_IMPLICIT_RETAIN_SELF = YES;
				CLANG_WARN_OBJC_LITERAL_CONVERSION = YES;
				CLANG_WARN_OBJC_ROOT_CLASS = YES_ERROR;
				CLANG_WARN_QUOTED_INCLUDE_IN_FRAMEWORK_HEADER = YES;
				CLANG_WARN_RANGE_LOOP_ANALYSIS = YES;
				CLANG_WARN_STRICT_PROTOTYPES = YES;
				CLANG_WARN_SUSPICIOUS_MOVE = YES;
				CLANG_WARN_UNGUARDED_AVAILABILITY = YES_AGGRESSIVE;
				CLANG_WARN_UNREACHABLE_CODE = YES;
				CLANG_WARN__DUPLICATE_METHOD_MATCH = YES;
				COPY_PHASE_STRIP = NO;
				DEBUG_INFORMATION_FORMAT = "dwarf-with-dsym";
				ENABLE_NS_ASSERTIONS = NO;
				ENABLE_STRICT_OBJC_MSGSEND = YES;
				GCC_C_LANGUAGE_STANDARD = gnu11;
				GCC_NO_COMMON_BLOCKS = YES;
				GCC_WARN_64_TO_32_BIT_CONVERSION = YES;
				GCC_WARN_ABOUT_RETURN_TYPE = YES_ERROR;
				GCC_WARN_UNDECLARED_SELECTOR = YES;
				GCC_WARN_UNINITIALIZED_AUTOS = YES_AGGRESSIVE;
				GCC_WARN_UNUSED_FUNCTION = YES;
				GCC_WARN_UNUSED_VARIABLE = YES;
				IPHONEOS_DEPLOYMENT_TARGET = 14.3;
				MTL_ENABLE_DEBUG_INFO = NO;
				MTL_FAST_MATH = YES;
				SDKROOT = iphoneos;
				SWIFT_COMPILATION_MODE = wholemodule;
				SWIFT_OPTIMIZATION_LEVEL = "-O";
				VALIDATE_PRODUCT = YES;
			};
			name = Release;
		};
		3C8DF8F925DD1EEA000A0F79 /* Debug */ = {
			isa = XCBuildConfiguration;
			buildSettings = {
				ASSETCATALOG_COMPILER_APPICON_NAME = AppIcon;
				ASSETCATALOG_COMPILER_GLOBAL_ACCENT_COLOR_NAME = AccentColor;
				CODE_SIGN_STYLE = Automatic;
				DEVELOPMENT_ASSET_PATHS = "\"SpendingTracker/Preview Content\"";
				DEVELOPMENT_TEAM = 59S3W88W93;
				ENABLE_PREVIEWS = YES;
				INFOPLIST_FILE = SpendingTracker/Info.plist;
				IPHONEOS_DEPLOYMENT_TARGET = 14.0;
				LD_RUNPATH_SEARCH_PATHS = (
					"$(inherited)",
					"@executable_path/Frameworks",
				);
				PRODUCT_BUNDLE_IDENTIFIER = com.Ian.SpendingTracker;
				PRODUCT_NAME = "$(TARGET_NAME)";
				SWIFT_VERSION = 5.0;
				TARGETED_DEVICE_FAMILY = "1,2";
			};
			name = Debug;
		};
		3C8DF8FA25DD1EEA000A0F79 /* Release */ = {
			isa = XCBuildConfiguration;
			buildSettings = {
				ASSETCATALOG_COMPILER_APPICON_NAME = AppIcon;
				ASSETCATALOG_COMPILER_GLOBAL_ACCENT_COLOR_NAME = AccentColor;
				CODE_SIGN_STYLE = Automatic;
				DEVELOPMENT_ASSET_PATHS = "\"SpendingTracker/Preview Content\"";
				DEVELOPMENT_TEAM = 59S3W88W93;
				ENABLE_PREVIEWS = YES;
				INFOPLIST_FILE = SpendingTracker/Info.plist;
				IPHONEOS_DEPLOYMENT_TARGET = 14.0;
				LD_RUNPATH_SEARCH_PATHS = (
					"$(inherited)",
					"@executable_path/Frameworks",
				);
				PRODUCT_BUNDLE_IDENTIFIER = com.Ian.SpendingTracker;
				PRODUCT_NAME = "$(TARGET_NAME)";
				SWIFT_VERSION = 5.0;
				TARGETED_DEVICE_FAMILY = "1,2";
			};
			name = Release;
		};
/* End XCBuildConfiguration section */

/* Begin XCConfigurationList section */
		3C8DF8DF25DD1EE6000A0F79 /* Build configuration list for PBXProject "SpendingTracker" */ = {
			isa = XCConfigurationList;
			buildConfigurations = (
				3C8DF8F625DD1EEA000A0F79 /* Debug */,
				3C8DF8F725DD1EEA000A0F79 /* Release */,
			);
			defaultConfigurationIsVisible = 0;
			defaultConfigurationName = Release;
		};
		3C8DF8F825DD1EEA000A0F79 /* Build configuration list for PBXNativeTarget "SpendingTracker" */ = {
			isa = XCConfigurationList;
			buildConfigurations = (
				3C8DF8F925DD1EEA000A0F79 /* Debug */,
				3C8DF8FA25DD1EEA000A0F79 /* Release */,
			);
			defaultConfigurationIsVisible = 0;
			defaultConfigurationName = Release;
		};
/* End XCConfigurationList section */

/* Begin XCVersionGroup section */
		3C8DF8F225DD1EEA000A0F79 /* SpendingTracker.xcdatamodeld */ = {
			isa = XCVersionGroup;
			children = (
				3C8DF8F325DD1EEA000A0F79 /* SpendingTracker.xcdatamodel */,
			);
			currentVersion = 3C8DF8F325DD1EEA000A0F79 /* SpendingTracker.xcdatamodel */;
			path = SpendingTracker.xcdatamodeld;
			sourceTree = "<group>";
			versionGroupType = wrapper.xcdatamodel;
		};
/* End XCVersionGroup section */
	};
	rootObject = 3C8DF8DC25DD1EE6000A0F79 /* Project object */;
}
